<?xml version="1.0" encoding="utf-8"?>
<Project ToolsVersion="4.0" xmlns="http://schemas.microsoft.com/developer/msbuild/2003">
  <ItemGroup>
    <Filter Include="include">
      <UniqueIdentifier>{a1000001-0000-0000-0000-000000000001}</UniqueIdentifier>
    </Filter>
    <Filter Include="include\desktopsticker">
      <UniqueIdentifier>{a1000002-0000-0000-0000-000000000002}</UniqueIdentifier>
    </Filter>
    <Filter Include="include\desktopsticker\wallpaper">
      <UniqueIdentifier>{a1000003-0000-0000-0000-000000000003}</UniqueIdentifier>
    </Filter>
    <Filter Include="src">
      <UniqueIdentifier>{a1000004-0000-0000-0000-000000000004}</UniqueIdentifier>
    </Filter>
  </ItemGroup>
  <ItemGroup>
    <ClInclude Include="pch.h" />
    <ClInclude Include="include\desktopsticker\WallPaperExport.h">
      <Filter>include\desktopsticker</Filter>
    </ClInclude>
    <ClInclude Include="include\desktopsticker\IWallPaperModule.h">
      <Filter>include\desktopsticker</Filter>
    </ClInclude>
    <ClInclude Include="include\desktopsticker\wallpaper\Types.h">
      <Filter>include\desktopsticker\wallpaper</Filter>
    </ClInclude>
    <ClInclude Include="include\desktopsticker\wallpaper\StoragePlacement.h">
      <Filter>include\desktopsticker\wallpaper</Filter>
    </ClInclude>
    <ClInclude Include="include\desktopsticker\wallpaper\PausePolicy.h">
      <Filter>include\desktopsticker\wallpaper</Filter>
    </ClInclude>
    <ClInclude Include="include\desktopsticker\wallpaper\VariantPolicy.h">
      <Filter>include\desktopsticker\wallpaper</Filter>
    </ClInclude>
    <ClInclude Include="include\desktopsticker\wallpaper\FrameScheduler.h">
      <Filter>include\desktopsticker\wallpaper</Filter>
    </ClInclude>
    <ClInclude Include="include\desktopsticker\wallpaper\FfmpegCommand.h">
      <Filter>include\desktopsticker\wallpaper</Filter>
    </ClInclude>
    <ClInclude Include="include\desktopsticker\wallpaper\BackendKind.h">
      <Filter>include\desktopsticker\wallpaper</Filter>
    </ClInclude>
    <ClInclude Include="include\desktopsticker\wallpaper\FrameAdvance.h">
      <Filter>include\desktopsticker\wallpaper</Filter>
    </ClInclude>
    <ClInclude Include="include\desktopsticker\wallpaper\ClockPolicy.h">
      <Filter>include\desktopsticker\wallpaper</Filter>
    </ClInclude>
    <ClInclude Include="include\desktopsticker\wallpaper\ParamMerge.h">
      <Filter>include\desktopsticker\wallpaper</Filter>
    </ClInclude>
    <ClInclude Include="include\desktopsticker\wallpaper\PresentationArbiter.h">
      <Filter>include\desktopsticker\wallpaper</Filter>
    </ClInclude>
    <ClInclude Include="include\desktopsticker\wallpaper\PcmConvert.h">
      <Filter>include\desktopsticker\wallpaper</Filter>
    </ClInclude>
    <ClInclude Include="src\D3dContext.h">
      <Filter>src</Filter>
    </ClInclude>
    <ClInclude Include="src\DesktopHost.h">
      <Filter>src</Filter>
    </ClInclude>
    <ClInclude Include="src\DriveInventory.h">
      <Filter>src</Filter>
    </ClInclude>
    <ClInclude Include="src\AudioSource.h">
      <Filter>src</Filter>
    </ClInclude>
    <ClInclude Include="src\WallpaperBackend.h">
      <Filter>src</Filter>
    </ClInclude>
    <ClInclude Include="src\VideoBackend.h">
      <Filter>src</Filter>
    </ClInclude>
    <ClInclude Include="src\ImageSequenceBackend.h">
      <Filter>src</Filter>
    </ClInclude>
    <ClInclude Include="src\WebBackend.h">
      <Filter>src</Filter>
    </ClInclude>
    <ClInclude Include="src\AudioEngine.h">
      <Filter>src</Filter>
    </ClInclude>
    <ClInclude Include="src\FfmpegApi.h">
      <Filter>src</Filter>
    </ClInclude>
    <ClInclude Include="src\FfmpegTranscoder.h">
      <Filter>src</Filter>
    </ClInclude>
    <ClInclude Include="src\FrameSchedulerLoop.h">
      <Filter>src</Filter>
    </ClInclude>
    <ClInclude Include="src\FullscreenDetector.h">
      <Filter>src</Filter>
    </ClInclude>
    <ClInclude Include="src\Log.h">
      <Filter>src</Filter>
    </ClInclude>
    <ClInclude Include="src\MediaLibrary.h">
      <Filter>src</Filter>
    </ClInclude>
    <ClInclude Include="src\Utf8.h">
      <Filter>src</Filter>
    </ClInclude>
    <ClInclude Include="src\VideoSource.h">
      <Filter>src</Filter>
    </ClInclude>
    <ClInclude Include="src\WallPaperStore.h">
      <Filter>src</Filter>
    </ClInclude>
    <ClInclude Include="src\WallPaperWindow.h">
      <Filter>src</Filter>
    </ClInclude>
  </ItemGroup>
  <ItemGroup>
    <ClCompile Include="pch.cpp" />
    <ClCompile Include="src\D3dContext.cpp">
      <Filter>src</Filter>
    </ClCompile>
    <ClCompile Include="src\DesktopHost.cpp">
      <Filter>src</Filter>
    </ClCompile>
    <ClCompile Include="src\DriveInventory.cpp">
      <Filter>src</Filter>
    </ClCompile>
    <ClCompile Include="src\FfmpegApi.cpp">
      <Filter>src</Filter>
    </ClCompile>
    <ClCompile Include="src\AudioEngine.cpp">
      <Filter>src</Filter>
    </ClCompile>
    <ClCompile Include="src\AudioSources.cpp">
      <Filter>src</Filter>
    </ClCompile>
    <ClCompile Include="src\FfmpegTranscoder.cpp">
      <Filter>src</Filter>
    </ClCompile>
    <ClCompile Include="src\BackendRegistry.cpp">
      <Filter>src</Filter>
    </ClCompile>
    <ClCompile Include="src\ImageSequenceBackend.cpp">
      <Filter>src</Filter>
    </ClCompile>
    <ClCompile Include="src\WebBackend.cpp">
      <Filter>src</Filter>
    </ClCompile>
    <ClCompile Include="src\VideoBackend.cpp">
      <Filter>src</Filter>
    </ClCompile>
    <ClCompile Include="src\FrameSchedulerLoop.cpp">
      <Filter>src</Filter>
    </ClCompile>
    <ClCompile Include="src\FullscreenDetector.cpp">
      <Filter>src</Filter>
    </ClCompile>
    <ClCompile Include="src\MediaLibrary.cpp">
      <Filter>src</Filter>
    </ClCompile>
    <ClCompile Include="src\VideoSources.cpp">
      <Filter>src</Filter>
    </ClCompile>
    <ClCompile Include="src\WallPaperModule.cpp">
      <Filter>src</Filter>
    </ClCompile>
    <ClCompile Include="src\WallPaperStore.cpp">
      <Filter>src</Filter>
    </ClCompile>
    <ClCompile Include="src\WallPaperWindow.cpp">
      <Filter>src</Filter>
    </ClCompile>
  </ItemGroup>
</Project>
